
Microsoft Visual Studio Solution File, Format Version 12.00
# Visual Studio Version 16
VisualStudioVersion = 16.0.29519.87
MinimumVisualStudioVersion = 10.0.40219.1
Project("{FAE04EC0-301F-11D3-BF4B-00C04F79EFBC}") = "PracticaEscuela", "PracticaEscuela\PracticaEscuela.csproj", "{B57E23A0-3117-4598-94A9-460599B428B7}"
EndProject
Global
	GlobalSection(SolutionConfigurationPlatforms) = preSolution
		Debug|Any CPU = Debug|Any CPU
		Release|Any CPU = Release|Any CPU
	EndGlobalSection
	GlobalSection(ProjectConfigurationPlatforms) = postSolution
		{B57E23A0-3117-4598-94A9-460599B428B7}.Debug|Any CPU.ActiveCfg = Debug|Any CPU
		{B57E23A0-3117-4598-94A9-460599B428B7}.Debug|Any CPU.Build.0 = Debug|Any CPU
		{B57E23A0-3117-4598-94A9-460599B428B7}.Release|Any CPU.ActiveCfg = Release|Any CPU
		{B57E23A0-3117-4598-94A9-460599B428B7}.Release|Any CPU.Build.0 = Release|Any CPU
	EndGlobalSection
	GlobalSection(SolutionProperties) = preSolution
		HideSolutionNode = FALSE
	EndGlobalSection
	GlobalSection(ExtensibilityGlobals) = postSolution
		SolutionGuid = {EFF9CCF0-C22F-4706-897F-ACC81CE35A47}
	EndGlobalSection
EndGlobal
